
Microsoft Visual Studio Solution File, Format Version 12.00
# Visual Studio Version 16
VisualStudioVersion = 16.0.30517.126
MinimumVisualStudioVersion = 10.0.40219.1
Project("{FAE04EC0-301F-11D3-BF4B-00C04F79EFBC}") = "Pegusus.Connector", "Pegusus.Connector\Pegusus.Connector.csproj", "{4EF395C0-E15E-4B3E-9DBD-C12D9AAF4E36}"
EndProject
Project("{FAE04EC0-301F-11D3-BF4B-00C04F79EFBC}") = "Pegusus.Data", "Pegusus.Data\Pegusus.Data.csproj", "{6896F867-B889-4203-B53E-0F6064974499}"
EndProject
Project("{FAE04EC0-301F-11D3-BF4B-00C04F79EFBC}") = "Pegusus.Service", "Pegusus.Service\Pegusus.Service.csproj", "{C59F7109-7F03-4A31-807D-7F854DF70FCD}"
EndProject
Global
	GlobalSection(SolutionConfigurationPlatforms) = preSolution
		Debug|Any CPU = Debug|Any CPU
		Release|Any CPU = Release|Any CPU
	EndGlobalSection
	GlobalSection(ProjectConfigurationPlatforms) = postSolution
		{4EF395C0-E15E-4B3E-9DBD-C12D9AAF4E36}.Debug|Any CPU.ActiveCfg = Debug|Any CPU
		{4EF395C0-E15E-4B3E-9DBD-C12D9AAF4E36}.Debug|Any CPU.Build.0 = Debug|Any CPU
		{4EF395C0-E15E-4B3E-9DBD-C12D9AAF4E36}.Release|Any CPU.ActiveCfg = Release|Any CPU
		{4EF395C0-E15E-4B3E-9DBD-C12D9AAF4E36}.Release|Any CPU.Build.0 = Release|Any CPU
		{6896F867-B889-4203-B53E-0F6064974499}.Debug|Any CPU.ActiveCfg = Debug|Any CPU
		{6896F867-B889-4203-B53E-0F6064974499}.Debug|Any CPU.Build.0 = Debug|Any CPU
		{6896F867-B889-4203-B53E-0F6064974499}.Release|Any CPU.ActiveCfg = Release|Any CPU
		{6896F867-B889-4203-B53E-0F6064974499}.Release|Any CPU.Build.0 = Release|Any CPU
		{C59F7109-7F03-4A31-807D-7F854DF70FCD}.Debug|Any CPU.ActiveCfg = Debug|Any CPU
		{C59F7109-7F03-4A31-807D-7F854DF70FCD}.Debug|Any CPU.Build.0 = Debug|Any CPU
		{C59F7109-7F03-4A31-807D-7F854DF70FCD}.Release|Any CPU.ActiveCfg = Release|Any CPU
		{C59F7109-7F03-4A31-807D-7F854DF70FCD}.Release|Any CPU.Build.0 = Release|Any CPU
	EndGlobalSection
	GlobalSection(SolutionProperties) = preSolution
		HideSolutionNode = FALSE
	EndGlobalSection
	GlobalSection(ExtensibilityGlobals) = postSolution
		SolutionGuid = {2E9E493D-98E6-44DB-8C48-13F182DFAA1E}
	EndGlobalSection
EndGlobal
